
Microsoft Visual Studio Solution File, Format Version 12.00
# Visual Studio 2013
VisualStudioVersion = 12.0.30723.0
MinimumVisualStudioVersion = 10.0.40219.1
Project("{FAE04EC0-301F-11D3-BF4B-00C04F79EFBC}") = "InitialsProject", "InitialsProject\InitialsProject.csproj", "{30BAC8C2-5344-4734-863A-1FD1C3F919EB}"
EndProject
Project("{FAE04EC0-301F-11D3-BF4B-00C04F79EFBC}") = "InitialsProject.Tests", "InitialsProject.Tests\InitialsProject.Tests.csproj", "{EE387656-7447-46F3-B3F0-C2A1BD16CF4D}"
EndProject
Global
	GlobalSection(SolutionConfigurationPlatforms) = preSolution
		Debug|Any CPU = Debug|Any CPU
		Release|Any CPU = Release|Any CPU
	EndGlobalSection
	GlobalSection(ProjectConfigurationPlatforms) = postSolution
		{30BAC8C2-5344-4734-863A-1FD1C3F919EB}.Debug|Any CPU.ActiveCfg = Debug|Any CPU
		{30BAC8C2-5344-4734-863A-1FD1C3F919EB}.Debug|Any CPU.Build.0 = Debug|Any CPU
		{30BAC8C2-5344-4734-863A-1FD1C3F919EB}.Release|Any CPU.ActiveCfg = Release|Any CPU
		{30BAC8C2-5344-4734-863A-1FD1C3F919EB}.Release|Any CPU.Build.0 = Release|Any CPU
		{EE387656-7447-46F3-B3F0-C2A1BD16CF4D}.Debug|Any CPU.ActiveCfg = Debug|Any CPU
		{EE387656-7447-46F3-B3F0-C2A1BD16CF4D}.Debug|Any CPU.Build.0 = Debug|Any CPU
		{EE387656-7447-46F3-B3F0-C2A1BD16CF4D}.Release|Any CPU.ActiveCfg = Release|Any CPU
		{EE387656-7447-46F3-B3F0-C2A1BD16CF4D}.Release|Any CPU.Build.0 = Release|Any CPU
	EndGlobalSection
	GlobalSection(SolutionProperties) = preSolution
		HideSolutionNode = FALSE
	EndGlobalSection
EndGlobal
